
Microsoft Visual Studio Solution File, Format Version 12.00
# Visual Studio Version 17
VisualStudioVersion = 17.4.33205.214
MinimumVisualStudioVersion = 10.0.40219.1
Project("{FAE04EC0-301F-11D3-BF4B-00C04F79EFBC}") = "SignalR.API", "SignalR.API\SignalR.API.csproj", "{58ECD101-3D90-4BE9-A41B-A3063AF3B357}"
EndProject
Project("{FAE04EC0-301F-11D3-BF4B-00C04F79EFBC}") = "SignalR.Web", "SignalR.Web\SignalR.Web.csproj", "{2567D710-F369-432D-BA8E-C1BEDA91F7B9}"
EndProject
Global
	GlobalSection(SolutionConfigurationPlatforms) = preSolution
		Debug|Any CPU = Debug|Any CPU
		Release|Any CPU = Release|Any CPU
	EndGlobalSection
	GlobalSection(ProjectConfigurationPlatforms) = postSolution
		{58ECD101-3D90-4BE9-A41B-A3063AF3B357}.Debug|Any CPU.ActiveCfg = Debug|Any CPU
		{58ECD101-3D90-4BE9-A41B-A3063AF3B357}.Debug|Any CPU.Build.0 = Debug|Any CPU
		{58ECD101-3D90-4BE9-A41B-A3063AF3B357}.Release|Any CPU.ActiveCfg = Release|Any CPU
		{58ECD101-3D90-4BE9-A41B-A3063AF3B357}.Release|Any CPU.Build.0 = Release|Any CPU
		{2567D710-F369-432D-BA8E-C1BEDA91F7B9}.Debug|Any CPU.ActiveCfg = Debug|Any CPU
		{2567D710-F369-432D-BA8E-C1BEDA91F7B9}.Debug|Any CPU.Build.0 = Debug|Any CPU
		{2567D710-F369-432D-BA8E-C1BEDA91F7B9}.Release|Any CPU.ActiveCfg = Release|Any CPU
		{2567D710-F369-432D-BA8E-C1BEDA91F7B9}.Release|Any CPU.Build.0 = Release|Any CPU
	EndGlobalSection
	GlobalSection(SolutionProperties) = preSolution
		HideSolutionNode = FALSE
	EndGlobalSection
	GlobalSection(ExtensibilityGlobals) = postSolution
		SolutionGuid = {C789848E-B12E-4208-B6D2-82483A6CF653}
	EndGlobalSection
EndGlobal
